// !$*UTF8*$!
{
	archiveVersion = 1;
	classes = {
	};
	objectVersion = 46;
	objects = {

/* Begin PBXBuildFile section */
		6C63DBD71C5F6B69004986EE /* AppDelegate.swift in Sources */ = {isa = PBXBuildFile; fileRef = 6C63DBD61C5F6B69004986EE /* AppDelegate.swift */; };
		6C63DBD91C5F6B69004986EE /* ViewController.swift in Sources */ = {isa = PBXBuildFile; fileRef = 6C63DBD81C5F6B69004986EE /* ViewController.swift */; };
		6C63DBDC1C5F6B69004986EE /* Main.storyboard in Resources */ = {isa = PBXBuildFile; fileRef = 6C63DBDA1C5F6B69004986EE /* Main.storyboard */; };
		6C63DBDE1C5F6B69004986EE /* Assets.xcassets in Resources */ = {isa = PBXBuildFile; fileRef = 6C63DBDD1C5F6B69004986EE /* Assets.xcassets */; };
		6C63DBE11C5F6B69004986EE /* LaunchScreen.storyboard in Resources */ = {isa = PBXBuildFile; fileRef = 6C63DBDF1C5F6B69004986EE /* LaunchScreen.storyboard */; };
		6C63DBE91C5F7146004986EE /* ViewController1.swift in Sources */ = {isa = PBXBuildFile; fileRef = 6C63DBE81C5F7146004986EE /* ViewController1.swift */; };
		6C63DBEB1C5F7164004986EE /* ViewController2.swift in Sources */ = {isa = PBXBuildFile; fileRef = 6C63DBEA1C5F7164004986EE /* ViewController2.swift */; };
/* End PBXBuildFile section */

/* Begin PBXFileReference section */
		6C63DBD31C5F6B69004986EE /* BJQuickActionFori6S.app */ = {isa = PBXFileReference; explicitFileType = wrapper.application; includeInIndex = 0; path = BJQuickActionFori6S.app; sourceTree = BUILT_PRODUCTS_DIR; };
		6C63DBD61C5F6B69004986EE /* AppDelegate.swift */ = {isa = PBXFileReference; lastKnownFileType = sourcecode.swift; path = AppDelegate.swift; sourceTree = "<group>"; };
		6C63DBD81C5F6B69004986EE /* ViewController.swift */ = {isa = PBXFileReference; lastKnownFileType = sourcecode.swift; path = ViewController.swift; sourceTree = "<group>"; };
		6C63DBDB1C5F6B69004986EE /* Base */ = {isa = PBXFileReference; lastKnownFileType = file.storyboard; name = Base; path = Base.lproj/Main.storyboard; sourceTree = "<group>"; };
		6C63DBDD1C5F6B69004986EE /* Assets.xcassets */ = {isa = PBXFileReference; lastKnownFileType = folder.assetcatalog; path = Assets.xcassets; sourceTree = "<group>"; };
		6C63DBE01C5F6B69004986EE /* Base */ = {isa = PBXFileReference; lastKnownFileType = file.storyboard; name = Base; path = Base.lproj/LaunchScreen.storyboard; sourceTree = "<group>"; };
		6C63DBE21C5F6B69004986EE /* Info.plist */ = {isa = PBXFileReference; lastKnownFileType = text.plist.xml; path = Info.plist; sourceTree = "<group>"; };
		6C63DBE81C5F7146004986EE /* ViewController1.swift */ = {isa = PBXFileReference; fileEncoding = 4; lastKnownFileType = sourcecode.swift; path = ViewController1.swift; sourceTree = "<group>"; };
		6C63DBEA1C5F7164004986EE /* ViewController2.swift */ = {isa = PBXFileReference; fileEncoding = 4; lastKnownFileType = sourcecode.swift; path = ViewController2.swift; sourceTree = "<group>"; };
/* End PBXFileReference section */

/* Begin PBXFrameworksBuildPhase section */
		6C63DBD01C5F6B69004986EE /* Frameworks */ = {
			isa = PBXFrameworksBuildPhase;
			buildActionMask = 2147483647;
			files = (
			);
			runOnlyForDeploymentPostprocessing = 0;
		};
/* End PBXFrameworksBuildPhase section */

/* Begin PBXGroup section */
		6C63DBCA1C5F6B69004986EE = {
			isa = PBXGroup;
			children = (
				6C63DBD51C5F6B69004986EE /* BJQuickActionFori6S */,
				6C63DBD41C5F6B69004986EE /* Products */,
			);
			sourceTree = "<group>";
		};
		6C63DBD41C5F6B69004986EE /* Products */ = {
			isa = PBXGroup;
			children = (
				6C63DBD31C5F6B69004986EE /* BJQuickActionFori6S.app */,
			);
			name = Products;
			sourceTree = "<group>";
		};
		6C63DBD51C5F6B69004986EE /* BJQuickActionFori6S */ = {
			isa = PBXGroup;
			children = (
				6C63DBD61C5F6B69004986EE /* AppDelegate.swift */,
				6C63DBD81C5F6B69004986EE /* ViewController.swift */,
				6C63DBE81C5F7146004986EE /* ViewController1.swift */,
				6C63DBEA1C5F7164004986EE /* ViewController2.swift */,
				6C63DBDA1C5F6B69004986EE /* Main.storyboard */,
				6C63DBDD1C5F6B69004986EE /* Assets.xcassets */,
				6C63DBDF1C5F6B69004986EE /* LaunchScreen.storyboard */,
				6C63DBE21C5F6B69004986EE /* Info.plist */,
			);
			path = BJQuickActionFori6S;
			sourceTree = "<group>";
		};
/* End PBXGroup section */

/* Begin PBXNativeTarget section */
		6C63DBD21C5F6B69004986EE /* BJQuickActionFori6S */ = {
			isa = PBXNativeTarget;
			buildConfigurationList = 6C63DBE51C5F6B69004986EE /* Build configuration list for PBXNativeTarget "BJQuickActionFori6S" */;
			buildPhases = (
				6C63DBCF1C5F6B69004986EE /* Sources */,
				6C63DBD01C5F6B69004986EE /* Frameworks */,
				6C63DBD11C5F6B69004986EE /* Resources */,
			);
			buildRules = (
			);
			dependencies = (
			);
			name = BJQuickActionFori6S;
			productName = BJQuickActionFori6S;
			productReference = 6C63DBD31C5F6B69004986EE /* BJQuickActionFori6S.app */;
			productType = "com.apple.product-type.application";
		};
/* End PBXNativeTarget section */

/* Begin PBXProject section */
		6C63DBCB1C5F6B69004986EE /* Project object */ = {
			isa = PBXProject;
			attributes = {
				LastSwiftUpdateCheck = 0710;
				LastUpgradeCheck = 0710;
				ORGANIZATIONNAME = Bhoomi;
				TargetAttributes = {
					6C63DBD21C5F6B69004986EE = {
						CreatedOnToolsVersion = 7.1;
					};
				};
			};
			buildConfigurationList = 6C63DBCE1C5F6B69004986EE /* Build configuration list for PBXProject "BJQuickActionFori6S" */;
			compatibilityVersion = "Xcode 3.2";
			developmentRegion = English;
			hasScannedForEncodings = 0;
			knownRegions = (
				en,
				Base,
			);
			mainGroup = 6C63DBCA1C5F6B69004986EE;
			productRefGroup = 6C63DBD41C5F6B69004986EE /* Products */;
			projectDirPath = "";
			projectRoot = "";
			targets = (
				6C63DBD21C5F6B69004986EE /* BJQuickActionFori6S */,
			);
		};
/* End PBXProject section */

/* Begin PBXResourcesBuildPhase section */
		6C63DBD11C5F6B69004986EE /* Resources */ = {
			isa = PBXResourcesBuildPhase;
			buildActionMask = 2147483647;
			files = (
				6C63DBE11C5F6B69004986EE /* LaunchScreen.storyboard in Resources */,
				6C63DBDE1C5F6B69004986EE /* Assets.xcassets in Resources */,
				6C63DBDC1C5F6B69004986EE /* Main.storyboard in Resources */,
			);
			runOnlyForDeploymentPostprocessing = 0;
		};
/* End PBXResourcesBuildPhase section */

/* Begin PBXSourcesBuildPhase section */
		6C63DBCF1C5F6B69004986EE /* Sources */ = {
			isa = PBXSourcesBuildPhase;
			buildActionMask = 2147483647;
			files = (
				6C63DBE91C5F7146004986EE /* ViewController1.swift in Sources */,
				6C63DBEB1C5F7164004986EE /* ViewController2.swift in Sources */,
				6C63DBD91C5F6B69004986EE /* ViewController.swift in Sources */,
				6C63DBD71C5F6B69004986EE /* AppDelegate.swift in Sources */,
			);
			runOnlyForDeploymentPostprocessing = 0;
		};
/* End PBXSourcesBuildPhase section */

/* Begin PBXVariantGroup section */
		6C63DBDA1C5F6B69004986EE /* Main.storyboard */ = {
			isa = PBXVariantGroup;
			children = (
				6C63DBDB1C5F6B69004986EE /* Base */,
			);
			name = Main.storyboard;
			sourceTree = "<group>";
		};
		6C63DBDF1C5F6B69004986EE /* LaunchScreen.storyboard */ = {
			isa = PBXVariantGroup;
			children = (
				6C63DBE01C5F6B69004986EE /* Base */,
			);
			name = LaunchScreen.storyboard;
			sourceTree = "<group>";
		};
/* End PBXVariantGroup section */

/* Begin XCBuildConfiguration section */
		6C63DBE31C5F6B69004986EE /* Debug */ = {
			isa = XCBuildConfiguration;
			buildSettings = {
				ALWAYS_SEARCH_USER_PATHS = NO;
				CLANG_CXX_LANGUAGE_STANDARD = "gnu++0x";
				CLANG_CXX_LIBRARY = "libc++";
				CLANG_ENABLE_MODULES = YES;
				CLANG_ENABLE_OBJC_ARC = YES;
				CLANG_WARN_BOOL_CONVERSION = YES;
				CLANG_WARN_CONSTANT_CONVERSION = YES;
				CLANG_WARN_DIRECT_OBJC_ISA_USAGE = YES_ERROR;
				CLANG_WARN_EMPTY_BODY = YES;
				CLANG_WARN_ENUM_CONVERSION = YES;
				CLANG_WARN_INT_CONVERSION = YES;
				CLANG_WARN_OBJC_ROOT_CLASS = YES_ERROR;
				CLANG_WARN_UNREACHABLE_CODE = YES;
				CLANG_WARN__DUPLICATE_METHOD_MATCH = YES;
				"CODE_SIGN_IDENTITY[sdk=iphoneos*]" = "iPhone Developer";
				COPY_PHASE_STRIP = NO;
				DEBUG_INFORMATION_FORMAT = dwarf;
				ENABLE_STRICT_OBJC_MSGSEND = YES;
				ENABLE_TESTABILITY = YES;
				GCC_C_LANGUAGE_STANDARD = gnu99;
				GCC_DYNAMIC_NO_PIC = NO;
				GCC_NO_COMMON_BLOCKS = YES;
				GCC_OPTIMIZATION_LEVEL = 0;
				GCC_PREPROCESSOR_DEFINITIONS = (
					"DEBUG=1",
					"$(inherited)",
				);
				GCC_WARN_64_TO_32_BIT_CONVERSION = YES;
				GCC_WARN_ABOUT_RETURN_TYPE = YES_ERROR;
				GCC_WARN_UNDECLARED_SELECTOR = YES;
				GCC_WARN_UNINITIALIZED_AUTOS = YES_AGGRESSIVE;
				GCC_WARN_UNUSED_FUNCTION = YES;
				GCC_WARN_UNUSED_VARIABLE = YES;
				IPHONEOS_DEPLOYMENT_TARGET = 9.1;
				MTL_ENABLE_DEBUG_INFO = YES;
				ONLY_ACTIVE_ARCH = YES;
				SDKROOT = iphoneos;
				SWIFT_OPTIMIZATION_LEVEL = "-Onone";
			};
			name = Debug;
		};
		6C63DBE41C5F6B69004986EE /* Release */ = {
			isa = XCBuildConfiguration;
			buildSettings = {
				ALWAYS_SEARCH_USER_PATHS = NO;
				CLANG_CXX_LANGUAGE_STANDARD = "gnu++0x";
				CLANG_CXX_LIBRARY = "libc++";
				CLANG_ENABLE_MODULES = YES;
				CLANG_ENABLE_OBJC_ARC = YES;
				CLANG_WARN_BOOL_CONVERSION = YES;
				CLANG_WARN_CONSTANT_CONVERSION = YES;
				CLANG_WARN_DIRECT_OBJC_ISA_USAGE = YES_ERROR;
				CLANG_WARN_EMPTY_BODY = YES;
				CLANG_WARN_ENUM_CONVERSION = YES;
				CLANG_WARN_INT_CONVERSION = YES;
				CLANG_WARN_OBJC_ROOT_CLASS = YES_ERROR;
				CLANG_WARN_UNREACHABLE_CODE = YES;
				CLANG_WARN__DUPLICATE_METHOD_MATCH = YES;
				"CODE_SIGN_IDENTITY[sdk=iphoneos*]" = "iPhone Developer";
				COPY_PHASE_STRIP = NO;
				DEBUG_INFORMATION_FORMAT = "dwarf-with-dsym";
				ENABLE_NS_ASSERTIONS = NO;
				ENABLE_STRICT_OBJC_MSGSEND = YES;
				GCC_C_LANGUAGE_STANDARD = gnu99;
				GCC_NO_COMMON_BLOCKS = YES;
				GCC_WARN_64_TO_32_BIT_CONVERSION = YES;
				GCC_WARN_ABOUT_RETURN_TYPE = YES_ERROR;
				GCC_WARN_UNDECLARED_SELECTOR = YES;
				GCC_WARN_UNINITIALIZED_AUTOS = YES_AGGRESSIVE;
				GCC_WARN_UNUSED_FUNCTION = YES;
				GCC_WARN_UNUSED_VARIABLE = YES;
				IPHONEOS_DEPLOYMENT_TARGET = 9.1;
				MTL_ENABLE_DEBUG_INFO = NO;
				SDKROOT = iphoneos;
				VALIDATE_PRODUCT = YES;
			};
			name = Release;
		};
		6C63DBE61C5F6B69004986EE /* Debug */ = {
			isa = XCBuildConfiguration;
			buildSettings = {
				ASSETCATALOG_COMPILER_APPICON_NAME = AppIcon;
				INFOPLIST_FILE = BJQuickActionFori6S/Info.plist;
				LD_RUNPATH_SEARCH_PATHS = "$(inherited) @executable_path/Frameworks";
				PRODUCT_BUNDLE_IDENTIFIER = com.arvaantechnolabs.BJQuickActionFori6S;
				PRODUCT_NAME = "$(TARGET_NAME)";
			};
			name = Debug;
		};
		6C63DBE71C5F6B69004986EE /* Release */ = {
			isa = XCBuildConfiguration;
			buildSettings = {
				ASSETCATALOG_COMPILER_APPICON_NAME = AppIcon;
				INFOPLIST_FILE = BJQuickActionFori6S/Info.plist;
				LD_RUNPATH_SEARCH_PATHS = "$(inherited) @executable_path/Frameworks";
				PRODUCT_BUNDLE_IDENTIFIER = com.arvaantechnolabs.BJQuickActionFori6S;
				PRODUCT_NAME = "$(TARGET_NAME)";
			};
			name = Release;
		};
/* End XCBuildConfiguration section */

/* Begin XCConfigurationList section */
		6C63DBCE1C5F6B69004986EE /* Build configuration list for PBXProject "BJQuickActionFori6S" */ = {
			isa = XCConfigurationList;
			buildConfigurations = (
				6C63DBE31C5F6B69004986EE /* Debug */,
				6C63DBE41C5F6B69004986EE /* Release */,
			);
			defaultConfigurationIsVisible = 0;
			defaultConfigurationName = Release;
		};
		6C63DBE51C5F6B69004986EE /* Build configuration list for PBXNativeTarget "BJQuickActionFori6S" */ = {
			isa = XCConfigurationList;
			buildConfigurations = (
				6C63DBE61C5F6B69004986EE /* Debug */,
				6C63DBE71C5F6B69004986EE /* Release */,
			);
			defaultConfigurationIsVisible = 0;
		};
/* End XCConfigurationList section */
	};
	rootObject = 6C63DBCB1C5F6B69004986EE /* Project object */;
}
